{
  "name": "conspicuous-snoop",
  "lockfileVersion": 2,
  "requires": true,
  "packages": {
    "": {
      "name": "conspicuous-snoop",
      "dependencies": {
        "prompts": "^2.4.2",
        "rxjs": "~6.6.0",
        "spirit-link": "file:../spirit-link"
      },
      "devDependencies": {
        "@types/node": "^16.11.62",
        "@types/prompts": "^2.0.14",
        "typescript": "^4.8.4"
      }
    },
    "../spirit-link": {
      "version": "1.4.0",
      "license": "ISC",
      "dependencies": {
        "graphql": "^15.5.2",
        "graphql-tag": "^2.12.5",
        "isomorphic-fetch": "^3.0.0",
        "isomorphic-ws": "^4.0.1",
        "rxjs": "~6.6.0",
        "subscriptions-transport-ws": "^0.9.19",
        "ws": "^8.2.1"
      },
      "devDependencies": {
        "@graphql-codegen/cli": "^2.1.1",
        "@graphql-codegen/core": "^2.1.0",
        "@graphql-codegen/plugin-helpers": "^2.1.1",
        "@graphql-codegen/typescript": "^2.1.2",
        "@graphql-codegen/typescript-apollo-client-helpers": "^2.1.2",
        "@graphql-codegen/typescript-operations": "^2.1.2",
        "@graphql-tools/apollo-engine-loader": "^7.1.0",
        "@graphql-tools/code-file-loader": "^7.1.0",
        "@graphql-tools/git-loader": "^7.1.0",
        "@graphql-tools/github-loader": "^7.1.0",
        "@graphql-tools/prisma-loader": "^7.1.0",
        "@types/node": "^16.7.10",
        "typescript": "^4.4.2"
      },
      "peerDependencies": {
        "@apollo/client": "^3.4.10"
      }
    },
    "node_modules/@types/node": {
      "version": "16.11.62",
      "resolved": "https://registry.npmjs.org/@types/node/-/node-16.11.62.tgz",
      "integrity": "sha512-K/ggecSdwAAy2NUW4WKmF4Rc03GKbsfP+k326UWgckoS+Rzd2PaWbjk76dSmqdLQvLTJAO9axiTUJ6488mFsYQ==",
      "dev": true
    },
    "node_modules/@types/prompts": {
      "version": "2.0.14",
      "resolved": "https://registry.npmjs.org/@types/prompts/-/prompts-2.0.14.tgz",
      "integrity": "sha512-HZBd99fKxRWpYCErtm2/yxUZv6/PBI9J7N4TNFffl5JbrYMHBwF25DjQGTW3b3jmXq+9P6/8fCIb2ee57BFfYA==",
      "dev": true,
      "dependencies": {
        "@types/node": "*"
      }
    },
    "node_modules/kleur": {
      "version": "3.0.3",
      "resolved": "https://registry.npmjs.org/kleur/-/kleur-3.0.3.tgz",
      "integrity": "sha512-eTIzlVOSUR+JxdDFepEYcBMtZ9Qqdef+rnzWdRZuMbOywu5tO2w2N7rqjoANZ5k9vywhL6Br1VRjUIgTQx4E8w==",
      "engines": {
        "node": ">=6"
      }
    },
    "node_modules/prompts": {
      "version": "2.4.2",
      "resolved": "https://registry.npmjs.org/prompts/-/prompts-2.4.2.tgz",
      "integrity": "sha512-NxNv/kLguCA7p3jE8oL2aEBsrJWgAakBpgmgK6lpPWV+WuOmY6r2/zbAVnP+T8bQlA0nzHXSJSJW0Hq7ylaD2Q==",
      "dependencies": {
        "kleur": "^3.0.3",
        "sisteransi": "^1.0.5"
      },
      "engines": {
        "node": ">= 6"
      }
    },
    "node_modules/rxjs": {
      "version": "6.6.7",
      "resolved": "https://registry.npmjs.org/rxjs/-/rxjs-6.6.7.tgz",
      "integrity": "sha512-hTdwr+7yYNIT5n4AMYp85KA6yw2Va0FLa3Rguvbpa4W3I5xynaBZo41cM3XM+4Q6fRMj3sBYIR1VAmZMXYJvRQ==",
      "dependencies": {
        "tslib": "^1.9.0"
      },
      "engines": {
        "npm": ">=2.0.0"
      }
    },
    "node_modules/sisteransi": {
      "version": "1.0.5",
      "resolved": "https://registry.npmjs.org/sisteransi/-/sisteransi-1.0.5.tgz",
      "integrity": "sha512-bLGGlR1QxBcynn2d5YmDX4MGjlZvy2MRBDRNHLJ8VI6l6+9FUiyTFNJ0IveOSP0bcXgVDPRcfGqA0pjaqUpfVg=="
    },
    "node_modules/spirit-link": {
      "resolved": "../spirit-link",
      "link": true
    },
    "node_modules/tslib": {
      "version": "1.14.1",
      "resolved": "https://registry.npmjs.org/tslib/-/tslib-1.14.1.tgz",
      "integrity": "sha512-Xni35NKzjgMrwevysHTCArtLDpPvye8zV/0E4EyYn43P7/7qvQwPh9BGkHewbMulVntbigmcT7rdX3BNo9wRJg=="
    },
    "node_modules/typescript": {
      "version": "4.8.4",
      "resolved": "https://registry.npmjs.org/typescript/-/typescript-4.8.4.tgz",
      "integrity": "sha512-QCh+85mCy+h0IGff8r5XWzOVSbBO+KfeYrMQh7NJ58QujwcE22u+NUSmUxqF+un70P9GXKxa2HCNiTTMJknyjQ==",
      "dev": true,
      "bin": {
        "tsc": "bin/tsc",
        "tsserver": "bin/tsserver"
      },
      "engines": {
        "node": ">=4.2.0"
      }
    }
  },
  "dependencies": {
    "@types/node": {
      "version": "16.11.62",
      "resolved": "https://registry.npmjs.org/@types/node/-/node-16.11.62.tgz",
      "integrity": "sha512-K/ggecSdwAAy2NUW4WKmF4Rc03GKbsfP+k326UWgckoS+Rzd2PaWbjk76dSmqdLQvLTJAO9axiTUJ6488mFsYQ==",
      "dev": true
    },
    "@types/prompts": {
      "version": "2.0.14",
      "resolved": "https://registry.npmjs.org/@types/prompts/-/prompts-2.0.14.tgz",
      "integrity": "sha512-HZBd99fKxRWpYCErtm2/yxUZv6/PBI9J7N4TNFffl5JbrYMHBwF25DjQGTW3b3jmXq+9P6/8fCIb2ee57BFfYA==",
      "dev": true,
      "requires": {
        "@types/node": "*"
      }
    },
    "kleur": {
      "version": "3.0.3",
      "resolved": "https://registry.npmjs.org/kleur/-/kleur-3.0.3.tgz",
      "integrity": "sha512-eTIzlVOSUR+JxdDFepEYcBMtZ9Qqdef+rnzWdRZuMbOywu5tO2w2N7rqjoANZ5k9vywhL6Br1VRjUIgTQx4E8w=="
    },
    "prompts": {
      "version": "2.4.2",
      "resolved": "https://registry.npmjs.org/prompts/-/prompts-2.4.2.tgz",
      "integrity": "sha512-NxNv/kLguCA7p3jE8oL2aEBsrJWgAakBpgmgK6lpPWV+WuOmY6r2/zbAVnP+T8bQlA0nzHXSJSJW0Hq7ylaD2Q==",
      "requires": {
        "kleur": "^3.0.3",
        "sisteransi": "^1.0.5"
      }
    },
    "rxjs": {
      "version": "6.6.7",
      "resolved": "https://registry.npmjs.org/rxjs/-/rxjs-6.6.7.tgz",
      "integrity": "sha512-hTdwr+7yYNIT5n4AMYp85KA6yw2Va0FLa3Rguvbpa4W3I5xynaBZo41cM3XM+4Q6fRMj3sBYIR1VAmZMXYJvRQ==",
      "requires": {
        "tslib": "^1.9.0"
      }
    },
    "sisteransi": {
      "version": "1.0.5",
      "resolved": "https://registry.npmjs.org/sisteransi/-/sisteransi-1.0.5.tgz",
      "integrity": "sha512-bLGGlR1QxBcynn2d5YmDX4MGjlZvy2MRBDRNHLJ8VI6l6+9FUiyTFNJ0IveOSP0bcXgVDPRcfGqA0pjaqUpfVg=="
    },
    "spirit-link": {
      "version": "file:../spirit-link",
      "requires": {
        "@graphql-codegen/cli": "^2.1.1",
        "@graphql-codegen/core": "^2.1.0",
        "@graphql-codegen/plugin-helpers": "^2.1.1",
        "@graphql-codegen/typescript": "^2.1.2",
        "@graphql-codegen/typescript-apollo-client-helpers": "^2.1.2",
        "@graphql-codegen/typescript-operations": "^2.1.2",
        "@graphql-tools/apollo-engine-loader": "^7.1.0",
        "@graphql-tools/code-file-loader": "^7.1.0",
        "@graphql-tools/git-loader": "^7.1.0",
        "@graphql-tools/github-loader": "^7.1.0",
        "@graphql-tools/prisma-loader": "^7.1.0",
        "@types/node": "^16.7.10",
        "graphql": "^15.5.2",
        "graphql-tag": "^2.12.5",
        "isomorphic-fetch": "^3.0.0",
        "isomorphic-ws": "^4.0.1",
        "rxjs": "~6.6.0",
        "subscriptions-transport-ws": "^0.9.19",
        "typescript": "^4.4.2",
        "ws": "^8.2.1"
      }
    },
    "tslib": {
      "version": "1.14.1",
      "resolved": "https://registry.npmjs.org/tslib/-/tslib-1.14.1.tgz",
      "integrity": "sha512-Xni35NKzjgMrwevysHTCArtLDpPvye8zV/0E4EyYn43P7/7qvQwPh9BGkHewbMulVntbigmcT7rdX3BNo9wRJg=="
    },
    "typescript": {
      "version": "4.8.4",
      "resolved": "https://registry.npmjs.org/typescript/-/typescript-4.8.4.tgz",
      "integrity": "sha512-QCh+85mCy+h0IGff8r5XWzOVSbBO+KfeYrMQh7NJ58QujwcE22u+NUSmUxqF+un70P9GXKxa2HCNiTTMJknyjQ==",
      "dev": true
    }
  }
}
